
Microsoft Visual Studio Solution File, Format Version 12.00
# Visual Studio Version 17
VisualStudioVersion = 17.8.34511.84
MinimumVisualStudioVersion = 10.0.40219.1
Project("{FAE04EC0-301F-11D3-BF4B-00C04F79EFBC}") = "MajorProjctAPI", "MajorProjctAPI\MajorProjctAPI.csproj", "{F87BB68E-18E0-4D91-A8D3-2E28551A73BA}"
EndProject
Global
	GlobalSection(SolutionConfigurationPlatforms) = preSolution
		Debug|Any CPU = Debug|Any CPU
		Release|Any CPU = Release|Any CPU
	EndGlobalSection
	GlobalSection(ProjectConfigurationPlatforms) = postSolution
		{F87BB68E-18E0-4D91-A8D3-2E28551A73BA}.Debug|Any CPU.ActiveCfg = Debug|Any CPU
		{F87BB68E-18E0-4D91-A8D3-2E28551A73BA}.Debug|Any CPU.Build.0 = Debug|Any CPU
		{F87BB68E-18E0-4D91-A8D3-2E28551A73BA}.Release|Any CPU.ActiveCfg = Release|Any CPU
		{F87BB68E-18E0-4D91-A8D3-2E28551A73BA}.Release|Any CPU.Build.0 = Release|Any CPU
	EndGlobalSection
	GlobalSection(SolutionProperties) = preSolution
		HideSolutionNode = FALSE
	EndGlobalSection
	GlobalSection(ExtensibilityGlobals) = postSolution
		SolutionGuid = {A1F3EFAC-C29F-43BC-9727-272DF3D37361}
	EndGlobalSection
EndGlobal
